
Microsoft Visual Studio Solution File, Format Version 12.00
# Visual Studio Version 16
VisualStudioVersion = 16.0.33423.256
MinimumVisualStudioVersion = 10.0.40219.1
Project("{FAE04EC0-301F-11D3-BF4B-00C04F79EFBC}") = "tpmodul5_1302213120", "tpmodul5_1302213120\tpmodul5_1302213120.csproj", "{2C761D10-B66A-4235-B279-B22023F7F61F}"
EndProject
Global
	GlobalSection(SolutionConfigurationPlatforms) = preSolution
		Debug|Any CPU = Debug|Any CPU
		Release|Any CPU = Release|Any CPU
	EndGlobalSection
	GlobalSection(ProjectConfigurationPlatforms) = postSolution
		{2C761D10-B66A-4235-B279-B22023F7F61F}.Debug|Any CPU.ActiveCfg = Debug|Any CPU
		{2C761D10-B66A-4235-B279-B22023F7F61F}.Debug|Any CPU.Build.0 = Debug|Any CPU
		{2C761D10-B66A-4235-B279-B22023F7F61F}.Release|Any CPU.ActiveCfg = Release|Any CPU
		{2C761D10-B66A-4235-B279-B22023F7F61F}.Release|Any CPU.Build.0 = Release|Any CPU
	EndGlobalSection
	GlobalSection(SolutionProperties) = preSolution
		HideSolutionNode = FALSE
	EndGlobalSection
	GlobalSection(ExtensibilityGlobals) = postSolution
		SolutionGuid = {68ACE54D-2EC3-46EA-86EA-DCFC403D106A}
	EndGlobalSection
EndGlobal
